
Microsoft Visual Studio Solution File, Format Version 12.00
# Visual Studio Version 17
VisualStudioVersion = 17.7.34031.279
MinimumVisualStudioVersion = 10.0.40219.1
Project("{9A19103F-16F7-4668-BE54-9A1E7A4F7556}") = "AsiaSushiOnCSharp", "AsiaSushiOnCSharp.csproj", "{2289A08A-D100-45CA-9545-AC890398C1FF}"
EndProject
Project("{9A19103F-16F7-4668-BE54-9A1E7A4F7556}") = "AsiaSushiOnCSharp.Application", "..\AsiaSushiOnCSharp.Application\AsiaSushiOnCSharp.Application.csproj", "{FB55A49C-F3DC-408A-8702-1119939C2C41}"
EndProject
Project("{9A19103F-16F7-4668-BE54-9A1E7A4F7556}") = "AsiaSushiOnCSharp.Domain", "..\AsiaSushiOnCSharp.Domain\AsiaSushiOnCSharp.Domain.csproj", "{3CAE0718-3B54-4DBB-8017-057EF1E6F37D}"
EndProject
Project("{9A19103F-16F7-4668-BE54-9A1E7A4F7556}") = "AsiaSushiOnCSharp.Infrastructure", "..\AsiaSushiOnCSharp.Infrastructure\AsiaSushiOnCSharp.Infrastructure.csproj", "{0AF0A16C-841F-460A-B195-39900535B0EA}"
EndProject
Project("{9A19103F-16F7-4668-BE54-9A1E7A4F7556}") = "AsiaSushiOnCSharp.Persistence", "..\AsiaSushiOnCSharp.Persistence\AsiaSushiOnCSharp.Persistence.csproj", "{3A37ACC3-8FEB-4E3D-8B03-3D294D2D4A31}"
EndProject
Global
	GlobalSection(SolutionConfigurationPlatforms) = preSolution
		Debug|Any CPU = Debug|Any CPU
		Release|Any CPU = Release|Any CPU
	EndGlobalSection
	GlobalSection(ProjectConfigurationPlatforms) = postSolution
		{2289A08A-D100-45CA-9545-AC890398C1FF}.Debug|Any CPU.ActiveCfg = Debug|Any CPU
		{2289A08A-D100-45CA-9545-AC890398C1FF}.Debug|Any CPU.Build.0 = Debug|Any CPU
		{2289A08A-D100-45CA-9545-AC890398C1FF}.Release|Any CPU.ActiveCfg = Release|Any CPU
		{2289A08A-D100-45CA-9545-AC890398C1FF}.Release|Any CPU.Build.0 = Release|Any CPU
		{FB55A49C-F3DC-408A-8702-1119939C2C41}.Debug|Any CPU.ActiveCfg = Debug|Any CPU
		{FB55A49C-F3DC-408A-8702-1119939C2C41}.Debug|Any CPU.Build.0 = Debug|Any CPU
		{FB55A49C-F3DC-408A-8702-1119939C2C41}.Release|Any CPU.ActiveCfg = Release|Any CPU
		{FB55A49C-F3DC-408A-8702-1119939C2C41}.Release|Any CPU.Build.0 = Release|Any CPU
		{3CAE0718-3B54-4DBB-8017-057EF1E6F37D}.Debug|Any CPU.ActiveCfg = Debug|Any CPU
		{3CAE0718-3B54-4DBB-8017-057EF1E6F37D}.Debug|Any CPU.Build.0 = Debug|Any CPU
		{3CAE0718-3B54-4DBB-8017-057EF1E6F37D}.Release|Any CPU.ActiveCfg = Release|Any CPU
		{3CAE0718-3B54-4DBB-8017-057EF1E6F37D}.Release|Any CPU.Build.0 = Release|Any CPU
		{0AF0A16C-841F-460A-B195-39900535B0EA}.Debug|Any CPU.ActiveCfg = Debug|Any CPU
		{0AF0A16C-841F-460A-B195-39900535B0EA}.Debug|Any CPU.Build.0 = Debug|Any CPU
		{0AF0A16C-841F-460A-B195-39900535B0EA}.Release|Any CPU.ActiveCfg = Release|Any CPU
		{0AF0A16C-841F-460A-B195-39900535B0EA}.Release|Any CPU.Build.0 = Release|Any CPU
		{3A37ACC3-8FEB-4E3D-8B03-3D294D2D4A31}.Debug|Any CPU.ActiveCfg = Debug|Any CPU
		{3A37ACC3-8FEB-4E3D-8B03-3D294D2D4A31}.Debug|Any CPU.Build.0 = Debug|Any CPU
		{3A37ACC3-8FEB-4E3D-8B03-3D294D2D4A31}.Release|Any CPU.ActiveCfg = Release|Any CPU
		{3A37ACC3-8FEB-4E3D-8B03-3D294D2D4A31}.Release|Any CPU.Build.0 = Release|Any CPU
	EndGlobalSection
	GlobalSection(SolutionProperties) = preSolution
		HideSolutionNode = FALSE
	EndGlobalSection
	GlobalSection(ExtensibilityGlobals) = postSolution
		SolutionGuid = {584658A4-CCE2-4205-9B51-7D3FE62230DD}
	EndGlobalSection
EndGlobal
